// !$*UTF8*$!
{
	archiveVersion = 1;
	classes = {
	};
	objectVersion = 51;
	objects = {

/* Begin PBXBuildFile section */
		1DA2450BE14C94BABFF38480 /* Pods_startupeiros.framework in Frameworks */ = {isa = PBXBuildFile; fileRef = 49826972E7F313DA36094907 /* Pods_startupeiros.framework */; };
		D72001562384F1D00087ADCE /* AppDelegate.swift in Sources */ = {isa = PBXBuildFile; fileRef = D72001552384F1D00087ADCE /* AppDelegate.swift */; };
		D72001582384F1D00087ADCE /* SceneDelegate.swift in Sources */ = {isa = PBXBuildFile; fileRef = D72001572384F1D00087ADCE /* SceneDelegate.swift */; };
		D720015D2384F1D00087ADCE /* Main.storyboard in Resources */ = {isa = PBXBuildFile; fileRef = D720015B2384F1D00087ADCE /* Main.storyboard */; };
		D720015F2384F1D10087ADCE /* Assets.xcassets in Resources */ = {isa = PBXBuildFile; fileRef = D720015E2384F1D10087ADCE /* Assets.xcassets */; };
		D72001622384F1D10087ADCE /* LaunchScreen.storyboard in Resources */ = {isa = PBXBuildFile; fileRef = D72001602384F1D10087ADCE /* LaunchScreen.storyboard */; };
		D721941F238EF94B0069F11D /* Extensions.swift in Sources */ = {isa = PBXBuildFile; fileRef = D721941E238EF94B0069F11D /* Extensions.swift */; };
		D7219421238EFDD50069F11D /* ResourceManager.swift in Sources */ = {isa = PBXBuildFile; fileRef = D7219420238EFDD50069F11D /* ResourceManager.swift */; };
		D73CA579239022CD0085592D /* TaskTableViewCell.swift in Sources */ = {isa = PBXBuildFile; fileRef = D73CA578239022CD0085592D /* TaskTableViewCell.swift */; };
		D742EB402388231B00E5A2D6 /* NewTeamDatabaseFacade.swift in Sources */ = {isa = PBXBuildFile; fileRef = D742EB3F2388231B00E5A2D6 /* NewTeamDatabaseFacade.swift */; };
		D742EB422388271D00E5A2D6 /* RoomViewController.swift in Sources */ = {isa = PBXBuildFile; fileRef = D742EB412388271D00E5A2D6 /* RoomViewController.swift */; };
		D7515A75238F7EBB00290A4A /* EnergyBar.swift in Sources */ = {isa = PBXBuildFile; fileRef = D7515A74238F7EBB00290A4A /* EnergyBar.swift */; };
		D7515A77238F7EE300290A4A /* CoffeeBar.swift in Sources */ = {isa = PBXBuildFile; fileRef = D7515A76238F7EE300290A4A /* CoffeeBar.swift */; };
		D7515A7A238F7F2900290A4A /* ProgressBarSupplicator.swift in Sources */ = {isa = PBXBuildFile; fileRef = D7515A79238F7F2900290A4A /* ProgressBarSupplicator.swift */; };
		D7515A7C238F7F4300290A4A /* ProgressBarView.swift in Sources */ = {isa = PBXBuildFile; fileRef = D7515A7B238F7F4300290A4A /* ProgressBarView.swift */; };
		D7515A7F238F7F6800290A4A /* EventBinder.swift in Sources */ = {isa = PBXBuildFile; fileRef = D7515A7E238F7F6800290A4A /* EventBinder.swift */; };
		D7515A81238FF94800290A4A /* WorkBar.swift in Sources */ = {isa = PBXBuildFile; fileRef = D7515A80238FF94800290A4A /* WorkBar.swift */; };
		D7515A83238FFD2A00290A4A /* SupplicantLabel.swift in Sources */ = {isa = PBXBuildFile; fileRef = D7515A82238FFD2A00290A4A /* SupplicantLabel.swift */; };
		D7515A8723901BE000290A4A /* LoadingViewController.swift in Sources */ = {isa = PBXBuildFile; fileRef = D7515A8623901BE000290A4A /* LoadingViewController.swift */; };
		D7515A8923901D4D00290A4A /* SkillCollectionViewCell.swift in Sources */ = {isa = PBXBuildFile; fileRef = D7515A8823901D4D00290A4A /* SkillCollectionViewCell.swift */; };
		D75E34CC238C690800CD7482 /* Protocols.swift in Sources */ = {isa = PBXBuildFile; fileRef = D75E34CB238C690800CD7482 /* Protocols.swift */; };
		D75E34CF238CCE6D00CD7482 /* TaskTimer.swift in Sources */ = {isa = PBXBuildFile; fileRef = D75E34CE238CCE6D00CD7482 /* TaskTimer.swift */; };
		D75E34D1238CCFC100CD7482 /* GameViewController.swift in Sources */ = {isa = PBXBuildFile; fileRef = D75E34D0238CCFC100CD7482 /* GameViewController.swift */; };
		D75E34D3238CD2B000CD7482 /* TimerProtocols.swift in Sources */ = {isa = PBXBuildFile; fileRef = D75E34D2238CD2B000CD7482 /* TimerProtocols.swift */; };
		D75E34D5238D6D8100CD7482 /* Task.swift in Sources */ = {isa = PBXBuildFile; fileRef = D75E34D4238D6D8100CD7482 /* Task.swift */; };
		D75E34D7238D772D00CD7482 /* Skill.swift in Sources */ = {isa = PBXBuildFile; fileRef = D75E34D6238D772D00CD7482 /* Skill.swift */; };
		D75E34DB238D8BB100CD7482 /* Job.swift in Sources */ = {isa = PBXBuildFile; fileRef = D75E34DA238D8BB100CD7482 /* Job.swift */; };
		D75E34DD238DB9A700CD7482 /* Coffee.swift in Sources */ = {isa = PBXBuildFile; fileRef = D75E34DC238DB9A700CD7482 /* Coffee.swift */; };
		D75E34DF238DBA8E00CD7482 /* Player.swift in Sources */ = {isa = PBXBuildFile; fileRef = D75E34DE238DBA8E00CD7482 /* Player.swift */; };
		D75E34E2238EEB9500CD7482 /* PlayerProducer.swift in Sources */ = {isa = PBXBuildFile; fileRef = D75E34E1238EEB9500CD7482 /* PlayerProducer.swift */; };
		D75E34E4238EEBAA00CD7482 /* Work.swift in Sources */ = {isa = PBXBuildFile; fileRef = D75E34E3238EEBAA00CD7482 /* Work.swift */; };
		D75E34E7238EEC2600CD7482 /* SkillCompletionCoin.swift in Sources */ = {isa = PBXBuildFile; fileRef = D75E34E6238EEC2600CD7482 /* SkillCompletionCoin.swift */; };
		D75E34E9238EEC4000CD7482 /* CoffeeCoin.swift in Sources */ = {isa = PBXBuildFile; fileRef = D75E34E8238EEC4000CD7482 /* CoffeeCoin.swift */; };
		D75E34EB238EEC5E00CD7482 /* WorkCoin.swift in Sources */ = {isa = PBXBuildFile; fileRef = D75E34EA238EEC5E00CD7482 /* WorkCoin.swift */; };
		D76C4DB323861888008CD453 /* SkillsSliderView.swift in Sources */ = {isa = PBXBuildFile; fileRef = D76C4DB223861888008CD453 /* SkillsSliderView.swift */; };
		D7811A1A2388223400784268 /* PickTeamViewController.swift in Sources */ = {isa = PBXBuildFile; fileRef = D7811A192388223400784268 /* PickTeamViewController.swift */; };
		D7811A1C2388224F00784268 /* CreateTeamViewController.swift in Sources */ = {isa = PBXBuildFile; fileRef = D7811A1B2388224F00784268 /* CreateTeamViewController.swift */; };
		D783A1F023870C4E000F1271 /* GoogleService-Info.plist in Resources */ = {isa = PBXBuildFile; fileRef = D783A1EF23870C4E000F1271 /* GoogleService-Info.plist */; };
		D7AF8614238A03B400A9843F /* PlayerFacade.swift in Sources */ = {isa = PBXBuildFile; fileRef = D7AF8613238A03B400A9843F /* PlayerFacade.swift */; };
		D7D28BC923870F19002ACF82 /* AuthReference.swift in Sources */ = {isa = PBXBuildFile; fileRef = D7D28BC823870F19002ACF82 /* AuthReference.swift */; };
		D7D28BCB238714C7002ACF82 /* CreateNameViewController.swift in Sources */ = {isa = PBXBuildFile; fileRef = D7D28BCA238714C7002ACF82 /* CreateNameViewController.swift */; };
		D7EE5DCB23884C8A00399155 /* Model.swift in Sources */ = {isa = PBXBuildFile; fileRef = D7EE5DCA23884C8A00399155 /* Model.swift */; };
		D7EE5DCD23887F8900399155 /* PickClassViewController.swift in Sources */ = {isa = PBXBuildFile; fileRef = D7EE5DCC23887F8900399155 /* PickClassViewController.swift */; };
		D7EE9AB5238EF59B00423993 /* TimedProgressBar.swift in Sources */ = {isa = PBXBuildFile; fileRef = D7EE9AB4238EF59B00423993 /* TimedProgressBar.swift */; };
		D7FB129A23871BD700D8B19A /* DecideStartViewController.swift in Sources */ = {isa = PBXBuildFile; fileRef = D7FB129923871BD700D8B19A /* DecideStartViewController.swift */; };
		D7FB129D238730C400D8B19A /* NewTeamViewController.swift in Sources */ = {isa = PBXBuildFile; fileRef = D7FB129C238730C400D8B19A /* NewTeamViewController.swift */; };
		F07BC3E8238EE84C00556997 /* DatabaseAdmin.swift in Sources */ = {isa = PBXBuildFile; fileRef = F07BC3E7238EE84C00556997 /* DatabaseAdmin.swift */; };
		F088F1692389A344006CCF49 /* Configurations.swift in Sources */ = {isa = PBXBuildFile; fileRef = F088F1682389A344006CCF49 /* Configurations.swift */; };
		F088F16A2389EA76006CCF49 /* ViewController.swift in Sources */ = {isa = PBXBuildFile; fileRef = D72001592384F1D00087ADCE /* ViewController.swift */; };
		F088F16C238A0D5A006CCF49 /* CoreML.framework in Frameworks */ = {isa = PBXBuildFile; fileRef = F088F16B238A0D5A006CCF49 /* CoreML.framework */; };
		F097F71A238E225A00EA176E /* DatabaseJob.swift in Sources */ = {isa = PBXBuildFile; fileRef = F097F719238E225A00EA176E /* DatabaseJob.swift */; };
		F097F71C238E22F100EA176E /* CreateGameViewController.swift in Sources */ = {isa = PBXBuildFile; fileRef = F097F71B238E22F100EA176E /* CreateGameViewController.swift */; };
		F097F71E238E236900EA176E /* DatabaseTask.swift in Sources */ = {isa = PBXBuildFile; fileRef = F097F71D238E236900EA176E /* DatabaseTask.swift */; };
		F097F720238E238200EA176E /* DatabaseSkill.swift in Sources */ = {isa = PBXBuildFile; fileRef = F097F71F238E238200EA176E /* DatabaseSkill.swift */; };
/* End PBXBuildFile section */

/* Begin PBXFileReference section */
		49826972E7F313DA36094907 /* Pods_startupeiros.framework */ = {isa = PBXFileReference; explicitFileType = wrapper.framework; includeInIndex = 0; path = Pods_startupeiros.framework; sourceTree = BUILT_PRODUCTS_DIR; };
		B7211E529DE5FEB8D171F387 /* Pods-startupeiros.release.xcconfig */ = {isa = PBXFileReference; includeInIndex = 1; lastKnownFileType = text.xcconfig; name = "Pods-startupeiros.release.xcconfig"; path = "Target Support Files/Pods-startupeiros/Pods-startupeiros.release.xcconfig"; sourceTree = "<group>"; };
		D72001522384F1D00087ADCE /* startupeiros.app */ = {isa = PBXFileReference; explicitFileType = wrapper.application; includeInIndex = 0; path = startupeiros.app; sourceTree = BUILT_PRODUCTS_DIR; };
		D72001552384F1D00087ADCE /* AppDelegate.swift */ = {isa = PBXFileReference; lastKnownFileType = sourcecode.swift; path = AppDelegate.swift; sourceTree = "<group>"; };
		D72001572384F1D00087ADCE /* SceneDelegate.swift */ = {isa = PBXFileReference; lastKnownFileType = sourcecode.swift; path = SceneDelegate.swift; sourceTree = "<group>"; };
		D72001592384F1D00087ADCE /* ViewController.swift */ = {isa = PBXFileReference; lastKnownFileType = sourcecode.swift; path = ViewController.swift; sourceTree = "<group>"; };
		D720015C2384F1D00087ADCE /* Base */ = {isa = PBXFileReference; lastKnownFileType = file.storyboard; name = Base; path = Base.lproj/Main.storyboard; sourceTree = "<group>"; };
		D720015E2384F1D10087ADCE /* Assets.xcassets */ = {isa = PBXFileReference; lastKnownFileType = folder.assetcatalog; path = Assets.xcassets; sourceTree = "<group>"; };
		D72001612384F1D10087ADCE /* Base */ = {isa = PBXFileReference; lastKnownFileType = file.storyboard; name = Base; path = Base.lproj/LaunchScreen.storyboard; sourceTree = "<group>"; };
		D72001632384F1D10087ADCE /* Info.plist */ = {isa = PBXFileReference; lastKnownFileType = text.plist.xml; path = Info.plist; sourceTree = "<group>"; };
		D721941E238EF94B0069F11D /* Extensions.swift */ = {isa = PBXFileReference; lastKnownFileType = sourcecode.swift; path = Extensions.swift; sourceTree = "<group>"; };
		D7219420238EFDD50069F11D /* ResourceManager.swift */ = {isa = PBXFileReference; lastKnownFileType = sourcecode.swift; path = ResourceManager.swift; sourceTree = "<group>"; };
		D73CA578239022CD0085592D /* TaskTableViewCell.swift */ = {isa = PBXFileReference; lastKnownFileType = sourcecode.swift; path = TaskTableViewCell.swift; sourceTree = "<group>"; };
		D742EB3F2388231B00E5A2D6 /* NewTeamDatabaseFacade.swift */ = {isa = PBXFileReference; lastKnownFileType = sourcecode.swift; path = NewTeamDatabaseFacade.swift; sourceTree = "<group>"; };
		D742EB412388271D00E5A2D6 /* RoomViewController.swift */ = {isa = PBXFileReference; lastKnownFileType = sourcecode.swift; path = RoomViewController.swift; sourceTree = "<group>"; };
		D7515A74238F7EBB00290A4A /* EnergyBar.swift */ = {isa = PBXFileReference; lastKnownFileType = sourcecode.swift; path = EnergyBar.swift; sourceTree = "<group>"; };
		D7515A76238F7EE300290A4A /* CoffeeBar.swift */ = {isa = PBXFileReference; lastKnownFileType = sourcecode.swift; path = CoffeeBar.swift; sourceTree = "<group>"; };
		D7515A79238F7F2900290A4A /* ProgressBarSupplicator.swift */ = {isa = PBXFileReference; lastKnownFileType = sourcecode.swift; path = ProgressBarSupplicator.swift; sourceTree = "<group>"; };
		D7515A7B238F7F4300290A4A /* ProgressBarView.swift */ = {isa = PBXFileReference; lastKnownFileType = sourcecode.swift; path = ProgressBarView.swift; sourceTree = "<group>"; };
		D7515A7E238F7F6800290A4A /* EventBinder.swift */ = {isa = PBXFileReference; lastKnownFileType = sourcecode.swift; path = EventBinder.swift; sourceTree = "<group>"; };
		D7515A80238FF94800290A4A /* WorkBar.swift */ = {isa = PBXFileReference; lastKnownFileType = sourcecode.swift; path = WorkBar.swift; sourceTree = "<group>"; };
		D7515A82238FFD2A00290A4A /* SupplicantLabel.swift */ = {isa = PBXFileReference; lastKnownFileType = sourcecode.swift; path = SupplicantLabel.swift; sourceTree = "<group>"; };
		D7515A8623901BE000290A4A /* LoadingViewController.swift */ = {isa = PBXFileReference; lastKnownFileType = sourcecode.swift; path = LoadingViewController.swift; sourceTree = "<group>"; };
		D7515A8823901D4D00290A4A /* SkillCollectionViewCell.swift */ = {isa = PBXFileReference; lastKnownFileType = sourcecode.swift; path = SkillCollectionViewCell.swift; sourceTree = "<group>"; };
		D75E34CB238C690800CD7482 /* Protocols.swift */ = {isa = PBXFileReference; lastKnownFileType = sourcecode.swift; path = Protocols.swift; sourceTree = "<group>"; };
		D75E34CE238CCE6D00CD7482 /* TaskTimer.swift */ = {isa = PBXFileReference; lastKnownFileType = sourcecode.swift; path = TaskTimer.swift; sourceTree = "<group>"; };
		D75E34D0238CCFC100CD7482 /* GameViewController.swift */ = {isa = PBXFileReference; lastKnownFileType = sourcecode.swift; path = GameViewController.swift; sourceTree = "<group>"; };
		D75E34D2238CD2B000CD7482 /* TimerProtocols.swift */ = {isa = PBXFileReference; lastKnownFileType = sourcecode.swift; path = TimerProtocols.swift; sourceTree = "<group>"; };
		D75E34D4238D6D8100CD7482 /* Task.swift */ = {isa = PBXFileReference; lastKnownFileType = sourcecode.swift; path = Task.swift; sourceTree = "<group>"; };
		D75E34D6238D772D00CD7482 /* Skill.swift */ = {isa = PBXFileReference; lastKnownFileType = sourcecode.swift; path = Skill.swift; sourceTree = "<group>"; };
		D75E34DA238D8BB100CD7482 /* Job.swift */ = {isa = PBXFileReference; lastKnownFileType = sourcecode.swift; path = Job.swift; sourceTree = "<group>"; };
		D75E34DC238DB9A700CD7482 /* Coffee.swift */ = {isa = PBXFileReference; lastKnownFileType = sourcecode.swift; path = Coffee.swift; sourceTree = "<group>"; };
		D75E34DE238DBA8E00CD7482 /* Player.swift */ = {isa = PBXFileReference; lastKnownFileType = sourcecode.swift; path = Player.swift; sourceTree = "<group>"; };
		D75E34E1238EEB9500CD7482 /* PlayerProducer.swift */ = {isa = PBXFileReference; lastKnownFileType = sourcecode.swift; path = PlayerProducer.swift; sourceTree = "<group>"; };
		D75E34E3238EEBAA00CD7482 /* Work.swift */ = {isa = PBXFileReference; lastKnownFileType = sourcecode.swift; path = Work.swift; sourceTree = "<group>"; };
		D75E34E6238EEC2600CD7482 /* SkillCompletionCoin.swift */ = {isa = PBXFileReference; lastKnownFileType = sourcecode.swift; path = SkillCompletionCoin.swift; sourceTree = "<group>"; };
		D75E34E8238EEC4000CD7482 /* CoffeeCoin.swift */ = {isa = PBXFileReference; lastKnownFileType = sourcecode.swift; path = CoffeeCoin.swift; sourceTree = "<group>"; };
		D75E34EA238EEC5E00CD7482 /* WorkCoin.swift */ = {isa = PBXFileReference; lastKnownFileType = sourcecode.swift; path = WorkCoin.swift; sourceTree = "<group>"; };
		D76C4DB223861888008CD453 /* SkillsSliderView.swift */ = {isa = PBXFileReference; lastKnownFileType = sourcecode.swift; path = SkillsSliderView.swift; sourceTree = "<group>"; };
		D7811A192388223400784268 /* PickTeamViewController.swift */ = {isa = PBXFileReference; lastKnownFileType = sourcecode.swift; path = PickTeamViewController.swift; sourceTree = "<group>"; };
		D7811A1B2388224F00784268 /* CreateTeamViewController.swift */ = {isa = PBXFileReference; lastKnownFileType = sourcecode.swift; path = CreateTeamViewController.swift; sourceTree = "<group>"; };
		D783A1EF23870C4E000F1271 /* GoogleService-Info.plist */ = {isa = PBXFileReference; fileEncoding = 4; lastKnownFileType = text.plist.xml; path = "GoogleService-Info.plist"; sourceTree = "<group>"; };
		D7AF8613238A03B400A9843F /* PlayerFacade.swift */ = {isa = PBXFileReference; lastKnownFileType = sourcecode.swift; path = PlayerFacade.swift; sourceTree = "<group>"; };
		D7D28BC823870F19002ACF82 /* AuthReference.swift */ = {isa = PBXFileReference; lastKnownFileType = sourcecode.swift; path = AuthReference.swift; sourceTree = "<group>"; };
		D7D28BCA238714C7002ACF82 /* CreateNameViewController.swift */ = {isa = PBXFileReference; lastKnownFileType = sourcecode.swift; path = CreateNameViewController.swift; sourceTree = "<group>"; };
		D7EE5DCA23884C8A00399155 /* Model.swift */ = {isa = PBXFileReference; lastKnownFileType = sourcecode.swift; path = Model.swift; sourceTree = "<group>"; };
		D7EE5DCC23887F8900399155 /* PickClassViewController.swift */ = {isa = PBXFileReference; lastKnownFileType = sourcecode.swift; path = PickClassViewController.swift; sourceTree = "<group>"; };
		D7EE9AB4238EF59B00423993 /* TimedProgressBar.swift */ = {isa = PBXFileReference; lastKnownFileType = sourcecode.swift; path = TimedProgressBar.swift; sourceTree = "<group>"; };
		D7FB129923871BD700D8B19A /* DecideStartViewController.swift */ = {isa = PBXFileReference; lastKnownFileType = sourcecode.swift; path = DecideStartViewController.swift; sourceTree = "<group>"; };
		D7FB129C238730C400D8B19A /* NewTeamViewController.swift */ = {isa = PBXFileReference; lastKnownFileType = sourcecode.swift; path = NewTeamViewController.swift; sourceTree = "<group>"; };
		F07BC3E7238EE84C00556997 /* DatabaseAdmin.swift */ = {isa = PBXFileReference; lastKnownFileType = sourcecode.swift; path = DatabaseAdmin.swift; sourceTree = "<group>"; };
		F088F1682389A344006CCF49 /* Configurations.swift */ = {isa = PBXFileReference; lastKnownFileType = sourcecode.swift; path = Configurations.swift; sourceTree = "<group>"; };
		F088F16B238A0D5A006CCF49 /* CoreML.framework */ = {isa = PBXFileReference; lastKnownFileType = wrapper.framework; name = CoreML.framework; path = System/Library/Frameworks/CoreML.framework; sourceTree = SDKROOT; };
		F097F719238E225A00EA176E /* DatabaseJob.swift */ = {isa = PBXFileReference; lastKnownFileType = sourcecode.swift; path = DatabaseJob.swift; sourceTree = "<group>"; };
		F097F71B238E22F100EA176E /* CreateGameViewController.swift */ = {isa = PBXFileReference; lastKnownFileType = sourcecode.swift; path = CreateGameViewController.swift; sourceTree = "<group>"; };
		F097F71D238E236900EA176E /* DatabaseTask.swift */ = {isa = PBXFileReference; lastKnownFileType = sourcecode.swift; path = DatabaseTask.swift; sourceTree = "<group>"; };
		F097F71F238E238200EA176E /* DatabaseSkill.swift */ = {isa = PBXFileReference; lastKnownFileType = sourcecode.swift; path = DatabaseSkill.swift; sourceTree = "<group>"; };
		F380B18EEAD894FE951A99DF /* Pods-startupeiros.debug.xcconfig */ = {isa = PBXFileReference; includeInIndex = 1; lastKnownFileType = text.xcconfig; name = "Pods-startupeiros.debug.xcconfig"; path = "Target Support Files/Pods-startupeiros/Pods-startupeiros.debug.xcconfig"; sourceTree = "<group>"; };
/* End PBXFileReference section */

/* Begin PBXFrameworksBuildPhase section */
		D720014F2384F1D00087ADCE /* Frameworks */ = {
			isa = PBXFrameworksBuildPhase;
			buildActionMask = 2147483647;
			files = (
				F088F16C238A0D5A006CCF49 /* CoreML.framework in Frameworks */,
				1DA2450BE14C94BABFF38480 /* Pods_startupeiros.framework in Frameworks */,
			);
			runOnlyForDeploymentPostprocessing = 0;
		};
/* End PBXFrameworksBuildPhase section */

/* Begin PBXGroup section */
		605E7FF5F0219DE990302AB2 /* Frameworks */ = {
			isa = PBXGroup;
			children = (
				F088F16B238A0D5A006CCF49 /* CoreML.framework */,
				49826972E7F313DA36094907 /* Pods_startupeiros.framework */,
			);
			name = Frameworks;
			sourceTree = "<group>";
		};
		D4E71A242F93D19E87FBC910 /* Pods */ = {
			isa = PBXGroup;
			children = (
				F380B18EEAD894FE951A99DF /* Pods-startupeiros.debug.xcconfig */,
				B7211E529DE5FEB8D171F387 /* Pods-startupeiros.release.xcconfig */,
			);
			path = Pods;
			sourceTree = "<group>";
		};
		D72001492384F1D00087ADCE = {
			isa = PBXGroup;
			children = (
				D72001542384F1D00087ADCE /* startupeiros */,
				D72001532384F1D00087ADCE /* Products */,
				D4E71A242F93D19E87FBC910 /* Pods */,
				605E7FF5F0219DE990302AB2 /* Frameworks */,
			);
			sourceTree = "<group>";
		};
		D72001532384F1D00087ADCE /* Products */ = {
			isa = PBXGroup;
			children = (
				D72001522384F1D00087ADCE /* startupeiros.app */,
			);
			name = Products;
			sourceTree = "<group>";
		};
		D72001542384F1D00087ADCE /* startupeiros */ = {
			isa = PBXGroup;
			children = (
				D7515A8A23901D5700290A4A /* controller */,
				D7515A73238F7EA900290A4A /* bar */,
				F07BC3E9238EEC6E00556997 /* databaseGameCreator */,
				D75E34C9238C682A00CD7482 /* game */,
				D7811A18238821F200784268 /* newTeam */,
				D7FB129B2387201500D8B19A /* auth */,
				D720015B2384F1D00087ADCE /* Main.storyboard */,
				D72001552384F1D00087ADCE /* AppDelegate.swift */,
				D72001572384F1D00087ADCE /* SceneDelegate.swift */,
				D76C4DB223861888008CD453 /* SkillsSliderView.swift */,
				D72001632384F1D10087ADCE /* Info.plist */,
				D720015E2384F1D10087ADCE /* Assets.xcassets */,
				D72001602384F1D10087ADCE /* LaunchScreen.storyboard */,
				D783A1EF23870C4E000F1271 /* GoogleService-Info.plist */,
				D7AF8613238A03B400A9843F /* PlayerFacade.swift */,
				F088F1682389A344006CCF49 /* Configurations.swift */,
				F097F71B238E22F100EA176E /* CreateGameViewController.swift */,
				D721941E238EF94B0069F11D /* Extensions.swift */,
			);
			path = startupeiros;
			sourceTree = "<group>";
		};
		D7515A73238F7EA900290A4A /* bar */ = {
			isa = PBXGroup;
			children = (
				D7515A7D238F7F5800290A4A /* event */,
				D7515A78238F7F1900290A4A /* core */,
				D7515A82238FFD2A00290A4A /* SupplicantLabel.swift */,
			);
			path = bar;
			sourceTree = "<group>";
		};
		D7515A78238F7F1900290A4A /* core */ = {
			isa = PBXGroup;
			children = (
				D7515A7B238F7F4300290A4A /* ProgressBarView.swift */,
				D7515A79238F7F2900290A4A /* ProgressBarSupplicator.swift */,
				D7EE9AB4238EF59B00423993 /* TimedProgressBar.swift */,
			);
			path = core;
			sourceTree = "<group>";
		};
		D7515A7D238F7F5800290A4A /* event */ = {
			isa = PBXGroup;
			children = (
				D7515A74238F7EBB00290A4A /* EnergyBar.swift */,
				D7515A76238F7EE300290A4A /* CoffeeBar.swift */,
				D7515A80238FF94800290A4A /* WorkBar.swift */,
				D7515A7E238F7F6800290A4A /* EventBinder.swift */,
			);
			path = event;
			sourceTree = "<group>";
		};
		D7515A8A23901D5700290A4A /* controller */ = {
			isa = PBXGroup;
			children = (
				D7515A8623901BE000290A4A /* LoadingViewController.swift */,
				D72001592384F1D00087ADCE /* ViewController.swift */,
				D7515A8823901D4D00290A4A /* SkillCollectionViewCell.swift */,
				D73CA578239022CD0085592D /* TaskTableViewCell.swift */,
			);
			path = controller;
			sourceTree = "<group>";
		};
		D75E34C9238C682A00CD7482 /* game */ = {
			isa = PBXGroup;
			children = (
				D75E34EC238EECB600CD7482 /* startup */,
				D75E34E5238EEC1400CD7482 /* coin */,
				D75E34E0238EEB7D00CD7482 /* player */,
				D75E34CD238CCE5700CD7482 /* timer */,
				D75E34CB238C690800CD7482 /* Protocols.swift */,
				D75E34D0238CCFC100CD7482 /* GameViewController.swift */,
			);
			path = game;
			sourceTree = "<group>";
		};
		D75E34CD238CCE5700CD7482 /* timer */ = {
			isa = PBXGroup;
			children = (
				D75E34CE238CCE6D00CD7482 /* TaskTimer.swift */,
				D75E34D2238CD2B000CD7482 /* TimerProtocols.swift */,
			);
			path = timer;
			sourceTree = "<group>";
		};
		D75E34E0238EEB7D00CD7482 /* player */ = {
			isa = PBXGroup;
			children = (
				D75E34DC238DB9A700CD7482 /* Coffee.swift */,
				D75E34DE238DBA8E00CD7482 /* Player.swift */,
				D75E34E1238EEB9500CD7482 /* PlayerProducer.swift */,
				D75E34E3238EEBAA00CD7482 /* Work.swift */,
				D7219420238EFDD50069F11D /* ResourceManager.swift */,
			);
			path = player;
			sourceTree = "<group>";
		};
		D75E34E5238EEC1400CD7482 /* coin */ = {
			isa = PBXGroup;
			children = (
				D75E34E6238EEC2600CD7482 /* SkillCompletionCoin.swift */,
				D75E34E8238EEC4000CD7482 /* CoffeeCoin.swift */,
				D75E34EA238EEC5E00CD7482 /* WorkCoin.swift */,
			);
			path = coin;
			sourceTree = "<group>";
		};
		D75E34EC238EECB600CD7482 /* startup */ = {
			isa = PBXGroup;
			children = (
				D75E34D4238D6D8100CD7482 /* Task.swift */,
				D75E34D6238D772D00CD7482 /* Skill.swift */,
				D75E34DA238D8BB100CD7482 /* Job.swift */,
			);
			path = startup;
			sourceTree = "<group>";
		};
		D7811A18238821F200784268 /* newTeam */ = {
			isa = PBXGroup;
			children = (
				D7FB129C238730C400D8B19A /* NewTeamViewController.swift */,
				D7811A1B2388224F00784268 /* CreateTeamViewController.swift */,
				D7811A192388223400784268 /* PickTeamViewController.swift */,
				D742EB412388271D00E5A2D6 /* RoomViewController.swift */,
				D7EE5DCC23887F8900399155 /* PickClassViewController.swift */,
				D742EB3F2388231B00E5A2D6 /* NewTeamDatabaseFacade.swift */,
				D7EE5DCA23884C8A00399155 /* Model.swift */,
			);
			path = newTeam;
			sourceTree = "<group>";
		};
		D7FB129B2387201500D8B19A /* auth */ = {
			isa = PBXGroup;
			children = (
				D7D28BC823870F19002ACF82 /* AuthReference.swift */,
				D7FB129923871BD700D8B19A /* DecideStartViewController.swift */,
				D7D28BCA238714C7002ACF82 /* CreateNameViewController.swift */,
			);
			path = auth;
			sourceTree = "<group>";
		};
		F07BC3E9238EEC6E00556997 /* databaseGameCreator */ = {
			isa = PBXGroup;
			children = (
				F097F719238E225A00EA176E /* DatabaseJob.swift */,
				F097F71D238E236900EA176E /* DatabaseTask.swift */,
				F097F71F238E238200EA176E /* DatabaseSkill.swift */,
				F07BC3E7238EE84C00556997 /* DatabaseAdmin.swift */,
			);
			path = databaseGameCreator;
			sourceTree = "<group>";
		};
/* End PBXGroup section */

/* Begin PBXNativeTarget section */
		D72001512384F1D00087ADCE /* startupeiros */ = {
			isa = PBXNativeTarget;
			buildConfigurationList = D72001662384F1D10087ADCE /* Build configuration list for PBXNativeTarget "startupeiros" */;
			buildPhases = (
				6B4DBCAF14F8DEA0BBBF4081 /* [CP] Check Pods Manifest.lock */,
				D720014E2384F1D00087ADCE /* Sources */,
				D720014F2384F1D00087ADCE /* Frameworks */,
				D72001502384F1D00087ADCE /* Resources */,
				6D444A6826E8C76BE3DB9E0A /* [CP] Embed Pods Frameworks */,
			);
			buildRules = (
			);
			dependencies = (
			);
			name = startupeiros;
			productName = startupeiros;
			productReference = D72001522384F1D00087ADCE /* startupeiros.app */;
			productType = "com.apple.product-type.application";
		};
/* End PBXNativeTarget section */

/* Begin PBXProject section */
		D720014A2384F1D00087ADCE /* Project object */ = {
			isa = PBXProject;
			attributes = {
				LastSwiftUpdateCheck = 1120;
				LastUpgradeCheck = 1120;
				ORGANIZATIONNAME = "Bruno Pastre";
				TargetAttributes = {
					D72001512384F1D00087ADCE = {
						CreatedOnToolsVersion = 11.2;
					};
				};
			};
			buildConfigurationList = D720014D2384F1D00087ADCE /* Build configuration list for PBXProject "startupeiros" */;
			compatibilityVersion = "Xcode 9.3";
			developmentRegion = en;
			hasScannedForEncodings = 0;
			knownRegions = (
				en,
				Base,
			);
			mainGroup = D72001492384F1D00087ADCE;
			productRefGroup = D72001532384F1D00087ADCE /* Products */;
			projectDirPath = "";
			projectRoot = "";
			targets = (
				D72001512384F1D00087ADCE /* startupeiros */,
			);
		};
/* End PBXProject section */

/* Begin PBXResourcesBuildPhase section */
		D72001502384F1D00087ADCE /* Resources */ = {
			isa = PBXResourcesBuildPhase;
			buildActionMask = 2147483647;
			files = (
				D72001622384F1D10087ADCE /* LaunchScreen.storyboard in Resources */,
				D783A1F023870C4E000F1271 /* GoogleService-Info.plist in Resources */,
				D720015F2384F1D10087ADCE /* Assets.xcassets in Resources */,
				D720015D2384F1D00087ADCE /* Main.storyboard in Resources */,
			);
			runOnlyForDeploymentPostprocessing = 0;
		};
/* End PBXResourcesBuildPhase section */

/* Begin PBXShellScriptBuildPhase section */
		6B4DBCAF14F8DEA0BBBF4081 /* [CP] Check Pods Manifest.lock */ = {
			isa = PBXShellScriptBuildPhase;
			buildActionMask = 2147483647;
			files = (
			);
			inputFileListPaths = (
			);
			inputPaths = (
				"${PODS_PODFILE_DIR_PATH}/Podfile.lock",
				"${PODS_ROOT}/Manifest.lock",
			);
			name = "[CP] Check Pods Manifest.lock";
			outputFileListPaths = (
			);
			outputPaths = (
				"$(DERIVED_FILE_DIR)/Pods-startupeiros-checkManifestLockResult.txt",
			);
			runOnlyForDeploymentPostprocessing = 0;
			shellPath = /bin/sh;
			shellScript = "diff \"${PODS_PODFILE_DIR_PATH}/Podfile.lock\" \"${PODS_ROOT}/Manifest.lock\" > /dev/null\nif [ $? != 0 ] ; then\n    # print error to STDERR\n    echo \"error: The sandbox is not in sync with the Podfile.lock. Run 'pod install' or update your CocoaPods installation.\" >&2\n    exit 1\nfi\n# This output is used by Xcode 'outputs' to avoid re-running this script phase.\necho \"SUCCESS\" > \"${SCRIPT_OUTPUT_FILE_0}\"\n";
			showEnvVarsInLog = 0;
		};
		6D444A6826E8C76BE3DB9E0A /* [CP] Embed Pods Frameworks */ = {
			isa = PBXShellScriptBuildPhase;
			buildActionMask = 2147483647;
			files = (
			);
			inputFileListPaths = (
				"${PODS_ROOT}/Target Support Files/Pods-startupeiros/Pods-startupeiros-frameworks-${CONFIGURATION}-input-files.xcfilelist",
			);
			name = "[CP] Embed Pods Frameworks";
			outputFileListPaths = (
				"${PODS_ROOT}/Target Support Files/Pods-startupeiros/Pods-startupeiros-frameworks-${CONFIGURATION}-output-files.xcfilelist",
			);
			runOnlyForDeploymentPostprocessing = 0;
			shellPath = /bin/sh;
			shellScript = "\"${PODS_ROOT}/Target Support Files/Pods-startupeiros/Pods-startupeiros-frameworks.sh\"\n";
			showEnvVarsInLog = 0;
		};
/* End PBXShellScriptBuildPhase section */

/* Begin PBXSourcesBuildPhase section */
		D720014E2384F1D00087ADCE /* Sources */ = {
			isa = PBXSourcesBuildPhase;
			buildActionMask = 2147483647;
			files = (
				D7811A1A2388223400784268 /* PickTeamViewController.swift in Sources */,
				D7FB129D238730C400D8B19A /* NewTeamViewController.swift in Sources */,
				D75E34E4238EEBAA00CD7482 /* Work.swift in Sources */,
				D7515A7A238F7F2900290A4A /* ProgressBarSupplicator.swift in Sources */,
				D7515A7F238F7F6800290A4A /* EventBinder.swift in Sources */,
				D7811A1A2388223400784268 /* PickTeamViewController.swift in Sources */,
				D7515A7C238F7F4300290A4A /* ProgressBarView.swift in Sources */,
				D75E34E2238EEB9500CD7482 /* PlayerProducer.swift in Sources */,
				D7FB129D238730C400D8B19A /* NewTeamViewController.swift in Sources */,
				D75E34DF238DBA8E00CD7482 /* Player.swift in Sources */,
				F097F720238E238200EA176E /* DatabaseSkill.swift in Sources */,
				D73CA579239022CD0085592D /* TaskTableViewCell.swift in Sources */,
				D75E34D5238D6D8100CD7482 /* Task.swift in Sources */,
				D7EE5DCD23887F8900399155 /* PickClassViewController.swift in Sources */,
				D7515A75238F7EBB00290A4A /* EnergyBar.swift in Sources */,
				D742EB422388271D00E5A2D6 /* RoomViewController.swift in Sources */,
				D7D28BC923870F19002ACF82 /* AuthReference.swift in Sources */,
				D75E34D1238CCFC100CD7482 /* GameViewController.swift in Sources */,
				F088F1692389A344006CCF49 /* Configurations.swift in Sources */,
				D76C4DB323861888008CD453 /* SkillsSliderView.swift in Sources */,
				D75E34CC238C690800CD7482 /* Protocols.swift in Sources */,
				D7EE5DCB23884C8A00399155 /* Model.swift in Sources */,
				F097F71C238E22F100EA176E /* CreateGameViewController.swift in Sources */,
				D72001562384F1D00087ADCE /* AppDelegate.swift in Sources */,
				F097F71A238E225A00EA176E /* DatabaseJob.swift in Sources */,
				D7515A81238FF94800290A4A /* WorkBar.swift in Sources */,
				D7AF8614238A03B400A9843F /* PlayerFacade.swift in Sources */,
				D72001582384F1D00087ADCE /* SceneDelegate.swift in Sources */,
				D7515A77238F7EE300290A4A /* CoffeeBar.swift in Sources */,
				D75E34DB238D8BB100CD7482 /* Job.swift in Sources */,
				D75E34E7238EEC2600CD7482 /* SkillCompletionCoin.swift in Sources */,
				D7515A8923901D4D00290A4A /* SkillCollectionViewCell.swift in Sources */,
				D75E34EB238EEC5E00CD7482 /* WorkCoin.swift in Sources */,
				D75E34CF238CCE6D00CD7482 /* TaskTimer.swift in Sources */,
				F088F16A2389EA76006CCF49 /* ViewController.swift in Sources */,
				D7FB129A23871BD700D8B19A /* DecideStartViewController.swift in Sources */,
				D742EB402388231B00E5A2D6 /* NewTeamDatabaseFacade.swift in Sources */,
				D7515A8723901BE000290A4A /* LoadingViewController.swift in Sources */,
				F097F71E238E236900EA176E /* DatabaseTask.swift in Sources */,
				D7D28BCB238714C7002ACF82 /* CreateNameViewController.swift in Sources */,
				D75E34DD238DB9A700CD7482 /* Coffee.swift in Sources */,
				D75E34E9238EEC4000CD7482 /* CoffeeCoin.swift in Sources */,
				D7219421238EFDD50069F11D /* ResourceManager.swift in Sources */,
				D75E34D7238D772D00CD7482 /* Skill.swift in Sources */,
				D721941F238EF94B0069F11D /* Extensions.swift in Sources */,
				F07BC3E8238EE84C00556997 /* DatabaseAdmin.swift in Sources */,
				D7EE9AB5238EF59B00423993 /* TimedProgressBar.swift in Sources */,
				D7811A1C2388224F00784268 /* CreateTeamViewController.swift in Sources */,
				D7515A83238FFD2A00290A4A /* SupplicantLabel.swift in Sources */,
				D75E34D3238CD2B000CD7482 /* TimerProtocols.swift in Sources */,
			);
			runOnlyForDeploymentPostprocessing = 0;
		};
/* End PBXSourcesBuildPhase section */

/* Begin PBXVariantGroup section */
		D720015B2384F1D00087ADCE /* Main.storyboard */ = {
			isa = PBXVariantGroup;
			children = (
				D720015C2384F1D00087ADCE /* Base */,
			);
			name = Main.storyboard;
			sourceTree = "<group>";
		};
		D72001602384F1D10087ADCE /* LaunchScreen.storyboard */ = {
			isa = PBXVariantGroup;
			children = (
				D72001612384F1D10087ADCE /* Base */,
			);
			name = LaunchScreen.storyboard;
			sourceTree = "<group>";
		};
/* End PBXVariantGroup section */

/* Begin XCBuildConfiguration section */
		D72001642384F1D10087ADCE /* Debug */ = {
			isa = XCBuildConfiguration;
			buildSettings = {
				ALWAYS_SEARCH_USER_PATHS = NO;
				CLANG_ANALYZER_NONNULL = YES;
				CLANG_ANALYZER_NUMBER_OBJECT_CONVERSION = YES_AGGRESSIVE;
				CLANG_CXX_LANGUAGE_STANDARD = "gnu++14";
				CLANG_CXX_LIBRARY = "libc++";
				CLANG_ENABLE_MODULES = YES;
				CLANG_ENABLE_OBJC_ARC = YES;
				CLANG_ENABLE_OBJC_WEAK = YES;
				CLANG_WARN_BLOCK_CAPTURE_AUTORELEASING = YES;
				CLANG_WARN_BOOL_CONVERSION = YES;
				CLANG_WARN_COMMA = YES;
				CLANG_WARN_CONSTANT_CONVERSION = YES;
				CLANG_WARN_DEPRECATED_OBJC_IMPLEMENTATIONS = YES;
				CLANG_WARN_DIRECT_OBJC_ISA_USAGE = YES_ERROR;
				CLANG_WARN_DOCUMENTATION_COMMENTS = YES;
				CLANG_WARN_EMPTY_BODY = YES;
				CLANG_WARN_ENUM_CONVERSION = YES;
				CLANG_WARN_INFINITE_RECURSION = YES;
				CLANG_WARN_INT_CONVERSION = YES;
				CLANG_WARN_NON_LITERAL_NULL_CONVERSION = YES;
				CLANG_WARN_OBJC_IMPLICIT_RETAIN_SELF = YES;
				CLANG_WARN_OBJC_LITERAL_CONVERSION = YES;
				CLANG_WARN_OBJC_ROOT_CLASS = YES_ERROR;
				CLANG_WARN_RANGE_LOOP_ANALYSIS = YES;
				CLANG_WARN_STRICT_PROTOTYPES = YES;
				CLANG_WARN_SUSPICIOUS_MOVE = YES;
				CLANG_WARN_UNGUARDED_AVAILABILITY = YES_AGGRESSIVE;
				CLANG_WARN_UNREACHABLE_CODE = YES;
				CLANG_WARN__DUPLICATE_METHOD_MATCH = YES;
				COPY_PHASE_STRIP = NO;
				DEBUG_INFORMATION_FORMAT = dwarf;
				ENABLE_STRICT_OBJC_MSGSEND = YES;
				ENABLE_TESTABILITY = YES;
				GCC_C_LANGUAGE_STANDARD = gnu11;
				GCC_DYNAMIC_NO_PIC = NO;
				GCC_NO_COMMON_BLOCKS = YES;
				GCC_OPTIMIZATION_LEVEL = 0;
				GCC_PREPROCESSOR_DEFINITIONS = (
					"DEBUG=1",
					"$(inherited)",
				);
				GCC_WARN_64_TO_32_BIT_CONVERSION = YES;
				GCC_WARN_ABOUT_RETURN_TYPE = YES_ERROR;
				GCC_WARN_UNDECLARED_SELECTOR = YES;
				GCC_WARN_UNINITIALIZED_AUTOS = YES_AGGRESSIVE;
				GCC_WARN_UNUSED_FUNCTION = YES;
				GCC_WARN_UNUSED_VARIABLE = YES;
				IPHONEOS_DEPLOYMENT_TARGET = 13.2;
				MTL_ENABLE_DEBUG_INFO = INCLUDE_SOURCE;
				MTL_FAST_MATH = YES;
				ONLY_ACTIVE_ARCH = YES;
				SDKROOT = iphoneos;
				SWIFT_ACTIVE_COMPILATION_CONDITIONS = DEBUG;
				SWIFT_OPTIMIZATION_LEVEL = "-Onone";
			};
			name = Debug;
		};
		D72001652384F1D10087ADCE /* Release */ = {
			isa = XCBuildConfiguration;
			buildSettings = {
				ALWAYS_SEARCH_USER_PATHS = NO;
				CLANG_ANALYZER_NONNULL = YES;
				CLANG_ANALYZER_NUMBER_OBJECT_CONVERSION = YES_AGGRESSIVE;
				CLANG_CXX_LANGUAGE_STANDARD = "gnu++14";
				CLANG_CXX_LIBRARY = "libc++";
				CLANG_ENABLE_MODULES = YES;
				CLANG_ENABLE_OBJC_ARC = YES;
				CLANG_ENABLE_OBJC_WEAK = YES;
				CLANG_WARN_BLOCK_CAPTURE_AUTORELEASING = YES;
				CLANG_WARN_BOOL_CONVERSION = YES;
				CLANG_WARN_COMMA = YES;
				CLANG_WARN_CONSTANT_CONVERSION = YES;
				CLANG_WARN_DEPRECATED_OBJC_IMPLEMENTATIONS = YES;
				CLANG_WARN_DIRECT_OBJC_ISA_USAGE = YES_ERROR;
				CLANG_WARN_DOCUMENTATION_COMMENTS = YES;
				CLANG_WARN_EMPTY_BODY = YES;
				CLANG_WARN_ENUM_CONVERSION = YES;
				CLANG_WARN_INFINITE_RECURSION = YES;
				CLANG_WARN_INT_CONVERSION = YES;
				CLANG_WARN_NON_LITERAL_NULL_CONVERSION = YES;
				CLANG_WARN_OBJC_IMPLICIT_RETAIN_SELF = YES;
				CLANG_WARN_OBJC_LITERAL_CONVERSION = YES;
				CLANG_WARN_OBJC_ROOT_CLASS = YES_ERROR;
				CLANG_WARN_RANGE_LOOP_ANALYSIS = YES;
				CLANG_WARN_STRICT_PROTOTYPES = YES;
				CLANG_WARN_SUSPICIOUS_MOVE = YES;
				CLANG_WARN_UNGUARDED_AVAILABILITY = YES_AGGRESSIVE;
				CLANG_WARN_UNREACHABLE_CODE = YES;
				CLANG_WARN__DUPLICATE_METHOD_MATCH = YES;
				COPY_PHASE_STRIP = NO;
				DEBUG_INFORMATION_FORMAT = "dwarf-with-dsym";
				ENABLE_NS_ASSERTIONS = NO;
				ENABLE_STRICT_OBJC_MSGSEND = YES;
				GCC_C_LANGUAGE_STANDARD = gnu11;
				GCC_NO_COMMON_BLOCKS = YES;
				GCC_WARN_64_TO_32_BIT_CONVERSION = YES;
				GCC_WARN_ABOUT_RETURN_TYPE = YES_ERROR;
				GCC_WARN_UNDECLARED_SELECTOR = YES;
				GCC_WARN_UNINITIALIZED_AUTOS = YES_AGGRESSIVE;
				GCC_WARN_UNUSED_FUNCTION = YES;
				GCC_WARN_UNUSED_VARIABLE = YES;
				IPHONEOS_DEPLOYMENT_TARGET = 13.2;
				MTL_ENABLE_DEBUG_INFO = NO;
				MTL_FAST_MATH = YES;
				SDKROOT = iphoneos;
				SWIFT_COMPILATION_MODE = wholemodule;
				SWIFT_OPTIMIZATION_LEVEL = "-O";
				VALIDATE_PRODUCT = YES;
			};
			name = Release;
		};
		D72001672384F1D10087ADCE /* Debug */ = {
			isa = XCBuildConfiguration;
			baseConfigurationReference = F380B18EEAD894FE951A99DF /* Pods-startupeiros.debug.xcconfig */;
			buildSettings = {
				ASSETCATALOG_COMPILER_APPICON_NAME = AppIcon;
				CODE_SIGN_STYLE = Automatic;
				DEVELOPMENT_TEAM = QM43B7QRF9;
				INFOPLIST_FILE = startupeiros/Info.plist;
				IPHONEOS_DEPLOYMENT_TARGET = 13.2;
				LD_RUNPATH_SEARCH_PATHS = (
					"$(inherited)",
					"@executable_path/Frameworks",
				);
				PRODUCT_BUNDLE_IDENTIFIER = io.github.pastre.startupeiros;
				PRODUCT_NAME = "$(TARGET_NAME)";
				SWIFT_VERSION = 5.0;
				TARGETED_DEVICE_FAMILY = "1,2";
			};
			name = Debug;
		};
		D72001682384F1D10087ADCE /* Release */ = {
			isa = XCBuildConfiguration;
			baseConfigurationReference = B7211E529DE5FEB8D171F387 /* Pods-startupeiros.release.xcconfig */;
			buildSettings = {
				ASSETCATALOG_COMPILER_APPICON_NAME = AppIcon;
				CODE_SIGN_STYLE = Automatic;
				DEVELOPMENT_TEAM = QM43B7QRF9;
				INFOPLIST_FILE = startupeiros/Info.plist;
				IPHONEOS_DEPLOYMENT_TARGET = 13.2;
				LD_RUNPATH_SEARCH_PATHS = (
					"$(inherited)",
					"@executable_path/Frameworks",
				);
				PRODUCT_BUNDLE_IDENTIFIER = io.github.pastre.startupeiros;
				PRODUCT_NAME = "$(TARGET_NAME)";
				SWIFT_VERSION = 5.0;
				TARGETED_DEVICE_FAMILY = "1,2";
			};
			name = Release;
		};
/* End XCBuildConfiguration section */

/* Begin XCConfigurationList section */
		D720014D2384F1D00087ADCE /* Build configuration list for PBXProject "startupeiros" */ = {
			isa = XCConfigurationList;
			buildConfigurations = (
				D72001642384F1D10087ADCE /* Debug */,
				D72001652384F1D10087ADCE /* Release */,
			);
			defaultConfigurationIsVisible = 0;
			defaultConfigurationName = Release;
		};
		D72001662384F1D10087ADCE /* Build configuration list for PBXNativeTarget "startupeiros" */ = {
			isa = XCConfigurationList;
			buildConfigurations = (
				D72001672384F1D10087ADCE /* Debug */,
				D72001682384F1D10087ADCE /* Release */,
			);
			defaultConfigurationIsVisible = 0;
			defaultConfigurationName = Release;
		};
/* End XCConfigurationList section */
	};
	rootObject = D720014A2384F1D00087ADCE /* Project object */;
}
